
Microsoft Visual Studio Solution File, Format Version 12.00
# Visual Studio Version 16
VisualStudioVersion = 16.0.30907.101
MinimumVisualStudioVersion = 10.0.40219.1
Project("{FAE04EC0-301F-11D3-BF4B-00C04F79EFBC}") = "MyFirstConsole", "ConsoleApp\MyFirstConsole.csproj", "{3C103930-9119-4D11-AE02-B76E7D96BB65}"
EndProject
Project("{FAE04EC0-301F-11D3-BF4B-00C04F79EFBC}") = "MySecondConsole", "MySecondConsole\MySecondConsole.csproj", "{E30F6443-4ACE-41D2-8229-E1C575A831FC}"
EndProject
Global
	GlobalSection(SolutionConfigurationPlatforms) = preSolution
		Debug|Any CPU = Debug|Any CPU
		Release|Any CPU = Release|Any CPU
	EndGlobalSection
	GlobalSection(ProjectConfigurationPlatforms) = postSolution
		{3C103930-9119-4D11-AE02-B76E7D96BB65}.Debug|Any CPU.ActiveCfg = Debug|Any CPU
		{3C103930-9119-4D11-AE02-B76E7D96BB65}.Debug|Any CPU.Build.0 = Debug|Any CPU
		{3C103930-9119-4D11-AE02-B76E7D96BB65}.Release|Any CPU.ActiveCfg = Release|Any CPU
		{3C103930-9119-4D11-AE02-B76E7D96BB65}.Release|Any CPU.Build.0 = Release|Any CPU
		{E30F6443-4ACE-41D2-8229-E1C575A831FC}.Debug|Any CPU.ActiveCfg = Debug|Any CPU
		{E30F6443-4ACE-41D2-8229-E1C575A831FC}.Debug|Any CPU.Build.0 = Debug|Any CPU
		{E30F6443-4ACE-41D2-8229-E1C575A831FC}.Release|Any CPU.ActiveCfg = Release|Any CPU
		{E30F6443-4ACE-41D2-8229-E1C575A831FC}.Release|Any CPU.Build.0 = Release|Any CPU
	EndGlobalSection
	GlobalSection(SolutionProperties) = preSolution
		HideSolutionNode = FALSE
	EndGlobalSection
	GlobalSection(ExtensibilityGlobals) = postSolution
		SolutionGuid = {7BA63C61-5212-48B7-AACD-6A9BD672171A}
	EndGlobalSection
EndGlobal
